
Microsoft Visual Studio Solution File, Format Version 12.00
# Visual Studio 14
VisualStudioVersion = 14.0.23107.0
MinimumVisualStudioVersion = 10.0.40219.1
Project("{FAE04EC0-301F-11D3-BF4B-00C04F79EFBC}") = "Rad301Pract", "Rad301Pract\Rad301Pract.csproj", "{C9CFB701-9292-4A73-895A-04ED363FF008}"
EndProject
Global
	GlobalSection(SolutionConfigurationPlatforms) = preSolution
		Debug|Any CPU = Debug|Any CPU
		Release|Any CPU = Release|Any CPU
	EndGlobalSection
	GlobalSection(ProjectConfigurationPlatforms) = postSolution
		{C9CFB701-9292-4A73-895A-04ED363FF008}.Debug|Any CPU.ActiveCfg = Debug|Any CPU
		{C9CFB701-9292-4A73-895A-04ED363FF008}.Debug|Any CPU.Build.0 = Debug|Any CPU
		{C9CFB701-9292-4A73-895A-04ED363FF008}.Release|Any CPU.ActiveCfg = Release|Any CPU
		{C9CFB701-9292-4A73-895A-04ED363FF008}.Release|Any CPU.Build.0 = Release|Any CPU
	EndGlobalSection
	GlobalSection(SolutionProperties) = preSolution
		HideSolutionNode = FALSE
	EndGlobalSection
EndGlobal
